# This file is generated by running "yarn install" inside your project.
# Manual changes might be lost - proceed with caution!

__metadata:
  version: 6

"@vvornanen/aoboshi@workspace:.":
  version: 0.0.0-use.local
  resolution: "@vvornanen/aoboshi@workspace:."
  languageName: unknown
  linkType: soft
